# @generated by Move, please check-in and do not edit manually.

[move]
version = 3
manifest_digest = "F9CCD53BFE953FFCEE92537D565DC58DB3F993968BF6209C4C4AA3A905BE7CC7"
deps_digest = "F8BBB0CCB2491CA29A3DF03D6F92277A4F3574266507ACD77214D37ECA3F3082"
dependencies = [
  { id = "Sui", name = "Sui" },
]

[[move.package]]
id = "MoveStdlib"
source = { git = "https://github.com/MystenLabs/sui", rev = "main", subdir = "crates/sui-framework/packages/move-stdlib" }

[[move.package]]
id = "Sui"
source = { git = "https://github.com/MystenLabs/sui", rev = "main", subdir = "crates/sui-framework/packages/sui-framework" }

dependencies = [
  { id = "MoveStdlib", name = "MoveStdlib" },
]

[move.toolchain-version]
compiler-version = "1.60.0"
edition = "2024.beta"
flavor = "sui"

[env]

[env.devnet]
chain-id = "cffbbc89"
original-published-id = "0x7669d621baf4ef71f3e7aa53fcfc89b66c6cb45a60fdb637b9738b5d9f374f47"
latest-published-id = "0x7669d621baf4ef71f3e7aa53fcfc89b66c6cb45a60fdb637b9738b5d9f374f47"
published-version = "1"
